
Microsoft Visual Studio Solution File, Format Version 12.00
# Visual Studio Version 16
VisualStudioVersion = 16.0.29215.179
MinimumVisualStudioVersion = 10.0.40219.1
Project("{9A19103F-16F7-4668-BE54-9A1E7A4F7556}") = "GitLooker", "GitLooker.csproj", "{7D3DB575-1FB8-45A0-BD83-C300321BC3FC}"
EndProject
Project("{930C7802-8A8C-48F9-8165-68863BCCD9DD}") = "GitLookerSetup", "GitLookerSetup\GitLookerSetup.wixproj", "{440B9A00-4288-407B-A732-56A7B918B11A}"
EndProject
Global
	GlobalSection(SolutionConfigurationPlatforms) = preSolution
		Debug|Any CPU = Debug|Any CPU
		Debug|x86 = Debug|x86
		Release|Any CPU = Release|Any CPU
		Release|x86 = Release|x86
	EndGlobalSection
	GlobalSection(ProjectConfigurationPlatforms) = postSolution
		{7D3DB575-1FB8-45A0-BD83-C300321BC3FC}.Debug|Any CPU.ActiveCfg = Debug|Any CPU
		{7D3DB575-1FB8-45A0-BD83-C300321BC3FC}.Debug|Any CPU.Build.0 = Debug|Any CPU
		{7D3DB575-1FB8-45A0-BD83-C300321BC3FC}.Debug|x86.ActiveCfg = Debug|Any CPU
		{7D3DB575-1FB8-45A0-BD83-C300321BC3FC}.Debug|x86.Build.0 = Debug|Any CPU
		{7D3DB575-1FB8-45A0-BD83-C300321BC3FC}.Release|Any CPU.ActiveCfg = Release|Any CPU
		{7D3DB575-1FB8-45A0-BD83-C300321BC3FC}.Release|Any CPU.Build.0 = Release|Any CPU
		{7D3DB575-1FB8-45A0-BD83-C300321BC3FC}.Release|x86.ActiveCfg = Release|Any CPU
		{7D3DB575-1FB8-45A0-BD83-C300321BC3FC}.Release|x86.Build.0 = Release|Any CPU
		{440B9A00-4288-407B-A732-56A7B918B11A}.Debug|Any CPU.ActiveCfg = Debug|x86
		{440B9A00-4288-407B-A732-56A7B918B11A}.Debug|x86.ActiveCfg = Debug|x86
		{440B9A00-4288-407B-A732-56A7B918B11A}.Debug|x86.Build.0 = Debug|x86
		{440B9A00-4288-407B-A732-56A7B918B11A}.Release|Any CPU.ActiveCfg = Release|x86
		{440B9A00-4288-407B-A732-56A7B918B11A}.Release|x86.ActiveCfg = Release|x86
		{440B9A00-4288-407B-A732-56A7B918B11A}.Release|x86.Build.0 = Release|x86
	EndGlobalSection
	GlobalSection(SolutionProperties) = preSolution
		HideSolutionNode = FALSE
	EndGlobalSection
	GlobalSection(ExtensibilityGlobals) = postSolution
		SolutionGuid = {FE0AF369-DF61-46BC-898F-B2A4293672C2}
	EndGlobalSection
EndGlobal
