
Microsoft Visual Studio Solution File, Format Version 12.00
# Visual Studio Version 16
VisualStudioVersion = 16.0.29215.179
MinimumVisualStudioVersion = 10.0.40219.1
Project("{FAE04EC0-301F-11D3-BF4B-00C04F79EFBC}") = "GitLooker", "GitLooker\GitLooker.csproj", "{7D3DB575-1FB8-45A0-BD83-C300321BC3FC}"
EndProject
Project("{54435603-DBB4-11D2-8724-00A0C9A8B90C}") = "GitLookerSetup", "GitLookerSetup\GitLookerSetup.vdproj", "{C9440298-5D6B-4EBB-BC48-0E9215333D53}"
EndProject
Project("{FAE04EC0-301F-11D3-BF4B-00C04F79EFBC}") = "GitLooker.Core", "GitLooker.Core\GitLooker.Core.csproj", "{ECF7B194-EAED-4023-AF60-A1C50E30E966}"
EndProject
Project("{FAE04EC0-301F-11D3-BF4B-00C04F79EFBC}") = "GitLooker.Services", "GitLooker.Services\GitLooker.Services.csproj", "{3AFF7E45-F071-47C5-AB02-D892188DD44B}"
EndProject
Global
	GlobalSection(SolutionConfigurationPlatforms) = preSolution
		Debug|Any CPU = Debug|Any CPU
		Debug|ARM = Debug|ARM
		Debug|ARM64 = Debug|ARM64
		Debug|x64 = Debug|x64
		Debug|x86 = Debug|x86
		Release|Any CPU = Release|Any CPU
		Release|ARM = Release|ARM
		Release|ARM64 = Release|ARM64
		Release|x64 = Release|x64
		Release|x86 = Release|x86
	EndGlobalSection
	GlobalSection(ProjectConfigurationPlatforms) = postSolution
		{7D3DB575-1FB8-45A0-BD83-C300321BC3FC}.Debug|Any CPU.ActiveCfg = Debug|Any CPU
		{7D3DB575-1FB8-45A0-BD83-C300321BC3FC}.Debug|Any CPU.Build.0 = Debug|Any CPU
		{7D3DB575-1FB8-45A0-BD83-C300321BC3FC}.Debug|ARM.ActiveCfg = Debug|Any CPU
		{7D3DB575-1FB8-45A0-BD83-C300321BC3FC}.Debug|ARM.Build.0 = Debug|Any CPU
		{7D3DB575-1FB8-45A0-BD83-C300321BC3FC}.Debug|ARM64.ActiveCfg = Debug|Any CPU
		{7D3DB575-1FB8-45A0-BD83-C300321BC3FC}.Debug|ARM64.Build.0 = Debug|Any CPU
		{7D3DB575-1FB8-45A0-BD83-C300321BC3FC}.Debug|x64.ActiveCfg = Debug|Any CPU
		{7D3DB575-1FB8-45A0-BD83-C300321BC3FC}.Debug|x64.Build.0 = Debug|Any CPU
		{7D3DB575-1FB8-45A0-BD83-C300321BC3FC}.Debug|x86.ActiveCfg = Debug|Any CPU
		{7D3DB575-1FB8-45A0-BD83-C300321BC3FC}.Debug|x86.Build.0 = Debug|Any CPU
		{7D3DB575-1FB8-45A0-BD83-C300321BC3FC}.Release|Any CPU.ActiveCfg = Release|Any CPU
		{7D3DB575-1FB8-45A0-BD83-C300321BC3FC}.Release|Any CPU.Build.0 = Release|Any CPU
		{7D3DB575-1FB8-45A0-BD83-C300321BC3FC}.Release|ARM.ActiveCfg = Release|Any CPU
		{7D3DB575-1FB8-45A0-BD83-C300321BC3FC}.Release|ARM.Build.0 = Release|Any CPU
		{7D3DB575-1FB8-45A0-BD83-C300321BC3FC}.Release|ARM64.ActiveCfg = Release|Any CPU
		{7D3DB575-1FB8-45A0-BD83-C300321BC3FC}.Release|ARM64.Build.0 = Release|Any CPU
		{7D3DB575-1FB8-45A0-BD83-C300321BC3FC}.Release|x64.ActiveCfg = Release|Any CPU
		{7D3DB575-1FB8-45A0-BD83-C300321BC3FC}.Release|x64.Build.0 = Release|Any CPU
		{7D3DB575-1FB8-45A0-BD83-C300321BC3FC}.Release|x86.ActiveCfg = Release|Any CPU
		{7D3DB575-1FB8-45A0-BD83-C300321BC3FC}.Release|x86.Build.0 = Release|Any CPU
		{C9440298-5D6B-4EBB-BC48-0E9215333D53}.Debug|Any CPU.ActiveCfg = Debug
		{C9440298-5D6B-4EBB-BC48-0E9215333D53}.Debug|ARM.ActiveCfg = Debug
		{C9440298-5D6B-4EBB-BC48-0E9215333D53}.Debug|ARM.Build.0 = Debug
		{C9440298-5D6B-4EBB-BC48-0E9215333D53}.Debug|ARM64.ActiveCfg = Debug
		{C9440298-5D6B-4EBB-BC48-0E9215333D53}.Debug|ARM64.Build.0 = Debug
		{C9440298-5D6B-4EBB-BC48-0E9215333D53}.Debug|x64.ActiveCfg = Debug
		{C9440298-5D6B-4EBB-BC48-0E9215333D53}.Debug|x64.Build.0 = Debug
		{C9440298-5D6B-4EBB-BC48-0E9215333D53}.Debug|x86.ActiveCfg = Debug
		{C9440298-5D6B-4EBB-BC48-0E9215333D53}.Debug|x86.Build.0 = Debug
		{C9440298-5D6B-4EBB-BC48-0E9215333D53}.Release|Any CPU.ActiveCfg = Release
		{C9440298-5D6B-4EBB-BC48-0E9215333D53}.Release|ARM.ActiveCfg = Release
		{C9440298-5D6B-4EBB-BC48-0E9215333D53}.Release|ARM.Build.0 = Release
		{C9440298-5D6B-4EBB-BC48-0E9215333D53}.Release|ARM64.ActiveCfg = Release
		{C9440298-5D6B-4EBB-BC48-0E9215333D53}.Release|ARM64.Build.0 = Release
		{C9440298-5D6B-4EBB-BC48-0E9215333D53}.Release|x64.ActiveCfg = Release
		{C9440298-5D6B-4EBB-BC48-0E9215333D53}.Release|x64.Build.0 = Release
		{C9440298-5D6B-4EBB-BC48-0E9215333D53}.Release|x86.ActiveCfg = Release
		{C9440298-5D6B-4EBB-BC48-0E9215333D53}.Release|x86.Build.0 = Release
		{ECF7B194-EAED-4023-AF60-A1C50E30E966}.Debug|Any CPU.ActiveCfg = Debug|Any CPU
		{ECF7B194-EAED-4023-AF60-A1C50E30E966}.Debug|Any CPU.Build.0 = Debug|Any CPU
		{ECF7B194-EAED-4023-AF60-A1C50E30E966}.Debug|ARM.ActiveCfg = Debug|Any CPU
		{ECF7B194-EAED-4023-AF60-A1C50E30E966}.Debug|ARM.Build.0 = Debug|Any CPU
		{ECF7B194-EAED-4023-AF60-A1C50E30E966}.Debug|ARM64.ActiveCfg = Debug|Any CPU
		{ECF7B194-EAED-4023-AF60-A1C50E30E966}.Debug|ARM64.Build.0 = Debug|Any CPU
		{ECF7B194-EAED-4023-AF60-A1C50E30E966}.Debug|x64.ActiveCfg = Debug|Any CPU
		{ECF7B194-EAED-4023-AF60-A1C50E30E966}.Debug|x64.Build.0 = Debug|Any CPU
		{ECF7B194-EAED-4023-AF60-A1C50E30E966}.Debug|x86.ActiveCfg = Debug|Any CPU
		{ECF7B194-EAED-4023-AF60-A1C50E30E966}.Debug|x86.Build.0 = Debug|Any CPU
		{ECF7B194-EAED-4023-AF60-A1C50E30E966}.Release|Any CPU.ActiveCfg = Release|Any CPU
		{ECF7B194-EAED-4023-AF60-A1C50E30E966}.Release|Any CPU.Build.0 = Release|Any CPU
		{ECF7B194-EAED-4023-AF60-A1C50E30E966}.Release|ARM.ActiveCfg = Release|Any CPU
		{ECF7B194-EAED-4023-AF60-A1C50E30E966}.Release|ARM.Build.0 = Release|Any CPU
		{ECF7B194-EAED-4023-AF60-A1C50E30E966}.Release|ARM64.ActiveCfg = Release|Any CPU
		{ECF7B194-EAED-4023-AF60-A1C50E30E966}.Release|ARM64.Build.0 = Release|Any CPU
		{ECF7B194-EAED-4023-AF60-A1C50E30E966}.Release|x64.ActiveCfg = Release|Any CPU
		{ECF7B194-EAED-4023-AF60-A1C50E30E966}.Release|x64.Build.0 = Release|Any CPU
		{ECF7B194-EAED-4023-AF60-A1C50E30E966}.Release|x86.ActiveCfg = Release|Any CPU
		{ECF7B194-EAED-4023-AF60-A1C50E30E966}.Release|x86.Build.0 = Release|Any CPU
		{3AFF7E45-F071-47C5-AB02-D892188DD44B}.Debug|Any CPU.ActiveCfg = Debug|Any CPU
		{3AFF7E45-F071-47C5-AB02-D892188DD44B}.Debug|Any CPU.Build.0 = Debug|Any CPU
		{3AFF7E45-F071-47C5-AB02-D892188DD44B}.Debug|ARM.ActiveCfg = Debug|Any CPU
		{3AFF7E45-F071-47C5-AB02-D892188DD44B}.Debug|ARM.Build.0 = Debug|Any CPU
		{3AFF7E45-F071-47C5-AB02-D892188DD44B}.Debug|ARM64.ActiveCfg = Debug|Any CPU
		{3AFF7E45-F071-47C5-AB02-D892188DD44B}.Debug|ARM64.Build.0 = Debug|Any CPU
		{3AFF7E45-F071-47C5-AB02-D892188DD44B}.Debug|x64.ActiveCfg = Debug|Any CPU
		{3AFF7E45-F071-47C5-AB02-D892188DD44B}.Debug|x64.Build.0 = Debug|Any CPU
		{3AFF7E45-F071-47C5-AB02-D892188DD44B}.Debug|x86.ActiveCfg = Debug|Any CPU
		{3AFF7E45-F071-47C5-AB02-D892188DD44B}.Debug|x86.Build.0 = Debug|Any CPU
		{3AFF7E45-F071-47C5-AB02-D892188DD44B}.Release|Any CPU.ActiveCfg = Release|Any CPU
		{3AFF7E45-F071-47C5-AB02-D892188DD44B}.Release|Any CPU.Build.0 = Release|Any CPU
		{3AFF7E45-F071-47C5-AB02-D892188DD44B}.Release|ARM.ActiveCfg = Release|Any CPU
		{3AFF7E45-F071-47C5-AB02-D892188DD44B}.Release|ARM.Build.0 = Release|Any CPU
		{3AFF7E45-F071-47C5-AB02-D892188DD44B}.Release|ARM64.ActiveCfg = Release|Any CPU
		{3AFF7E45-F071-47C5-AB02-D892188DD44B}.Release|ARM64.Build.0 = Release|Any CPU
		{3AFF7E45-F071-47C5-AB02-D892188DD44B}.Release|x64.ActiveCfg = Release|Any CPU
		{3AFF7E45-F071-47C5-AB02-D892188DD44B}.Release|x64.Build.0 = Release|Any CPU
		{3AFF7E45-F071-47C5-AB02-D892188DD44B}.Release|x86.ActiveCfg = Release|Any CPU
		{3AFF7E45-F071-47C5-AB02-D892188DD44B}.Release|x86.Build.0 = Release|Any CPU
	EndGlobalSection
	GlobalSection(SolutionProperties) = preSolution
		HideSolutionNode = FALSE
	EndGlobalSection
	GlobalSection(ExtensibilityGlobals) = postSolution
		SolutionGuid = {FE0AF369-DF61-46BC-898F-B2A4293672C2}
	EndGlobalSection
EndGlobal
